# THIS IS AN AUTOGENERATED FILE. DO NOT EDIT THIS FILE DIRECTLY.
# yarn lockfile v1


"@adiwajshing/keyed-db@^0.2.4":
  version "0.2.4"

"@colors/colors@^1.6.0", "@colors/colors@1.6.0":
  version "1.6.0"

"@dabh/diagnostics@^2.0.2":
  version "2.0.3"
  dependencies:
    colorspace "1.1.x"
    enabled "2.0.x"
    kuler "^2.0.0"

"@eshaz/web-worker@1.2.2":
  version "1.2.2"
  resolved "https://registry.npmjs.org/@eshaz/web-worker/-/web-worker-1.2.2.tgz"
  integrity sha512-WxXiHFmD9u/owrzempiDlBB1ZYqiLnm9s6aPc8AlFQalq2tKmqdmMr9GXOupDgzXtqnBipj8Un0gkIm7Sjf8mw==

"@hapi/boom@^10.0.0":
  version "10.0.1"
  dependencies:
    "@hapi/hoek" "^11.0.2"

"@hapi/boom@^9.1.3":
  version "9.1.4"
  resolved "https://registry.npmjs.org/@hapi/boom/-/boom-9.1.4.tgz"
  integrity sha512-Ls1oH8jaN1vNsqcaHVYJrKmgMcKsC1wcp8bujvXrHaAqD2iDYq3HoOwsxwo09Cuda5R5nC0o0IxlrlTuvPuzSw==
  dependencies:
    "@hapi/hoek" "9.x.x"

"@hapi/hoek@^11.0.2":
  version "11.0.2"

"@hapi/hoek@9.x.x":
  version "9.3.0"
  resolved "https://registry.npmjs.org/@hapi/hoek/-/hoek-9.3.0.tgz"
  integrity sha512-/c6rf4UJlmHlC9b5BaNvzAcFv7HZ2QHaV0D4/HNlBdvFnvQq8RI4kYdhyPCl7Xj+oWvTWQ8ujhqS53LIgAe6KQ==

"@protobufjs/aspromise@^1.1.1", "@protobufjs/aspromise@^1.1.2":
  version "1.1.2"

"@protobufjs/base64@^1.1.2":
  version "1.1.2"

"@protobufjs/codegen@^2.0.4":
  version "2.0.4"

"@protobufjs/eventemitter@^1.1.0":
  version "1.1.0"

"@protobufjs/fetch@^1.1.0":
  version "1.1.0"
  dependencies:
    "@protobufjs/aspromise" "^1.1.1"
    "@protobufjs/inquire" "^1.1.0"

"@protobufjs/float@^1.0.2":
  version "1.0.2"

"@protobufjs/inquire@^1.1.0":
  version "1.1.0"

"@protobufjs/path@^1.1.2":
  version "1.1.2"

"@protobufjs/pool@^1.1.0":
  version "1.1.0"

"@protobufjs/utf8@^1.1.0":
  version "1.1.0"

"@socket.io/component-emitter@~3.1.0":
  version "3.1.0"

"@thi.ng/bitstream@^2.2.12":
  version "2.4.3"
  resolved "https://registry.npmjs.org/@thi.ng/bitstream/-/bitstream-2.4.3.tgz"
  integrity sha512-XfqT0G1WUjF/cJtdbwncoR4Z2NUPgQQEztq8FheoO110u2FxVxINhdkqO96qW8Fw+TD9JqdUPvT8IQbt7YF2ZA==
  dependencies:
    "@thi.ng/errors" "^2.5.17"

"@thi.ng/errors@^2.5.17":
  version "2.5.17"
  resolved "https://registry.npmjs.org/@thi.ng/errors/-/errors-2.5.17.tgz"
  integrity sha512-ohBAZcGNEIEOgJ9BPH4tjIsOjVgsnMGh4a2j63r6El68efr8RRN4G+GNkDaqV/jk9wbHKZZPt2t6suJMliPyxg==

"@tokenizer/token@^0.3.0":
  version "0.3.0"

"@types/cookie@^0.4.1":
  version "0.4.1"

"@types/cors@^2.8.12":
  version "2.8.15"
  dependencies:
    "@types/node" "*"

"@types/long@^4.0.0":
  version "4.0.2"

"@types/node@*", "@types/node@>=10.0.0", "@types/node@>=13.7.0":
  version "20.8.7"
  dependencies:
    undici-types "~5.25.1"

"@types/node@^10.1.0":
  version "10.17.60"
  resolved "https://registry.npmjs.org/@types/node/-/node-10.17.60.tgz"
  integrity sha512-F0KIgDJfy2nA3zMLmWGKxcH2ZVEtCZXHHdOQs2gSaQ27+lNeEfGxzkIw90aXswATX7AZ33tahPbzy6KAfUreVw==

"@types/triple-beam@^1.3.2":
  version "1.3.4"

"@wasm-audio-decoders/common@9.0.5":
  version "9.0.5"
  resolved "https://registry.npmjs.org/@wasm-audio-decoders/common/-/common-9.0.5.tgz"
  integrity sha512-b9JNh9sPAvn8PVIizNh9D60WkfQong/u9ea873H47u7zvVDLctxYIp2aZw9CQqXaQdk7JB3MoU5UHiseO40swg==
  dependencies:
    "@eshaz/web-worker" "1.2.2"
    simple-yenc "^1.0.4"

"@wasm-audio-decoders/flac@^0.2.4":
  version "0.2.4"
  resolved "https://registry.npmjs.org/@wasm-audio-decoders/flac/-/flac-0.2.4.tgz"
  integrity sha512-bsUlwIjd5y+IAEyILCQdi8y0LocKEkZ0enA8ljDL+NVVwN+5Rv5Xkm/HcdUxnB7MtekxN2cNcTsv1zkb2aZyWg==
  dependencies:
    "@wasm-audio-decoders/common" "9.0.5"
    codec-parser "2.4.3"

"@wasm-audio-decoders/ogg-vorbis@^0.1.15":
  version "0.1.15"
  resolved "https://registry.npmjs.org/@wasm-audio-decoders/ogg-vorbis/-/ogg-vorbis-0.1.15.tgz"
  integrity sha512-skAN3NIrRzMkVouyfyq3gYT/op/K9iutMZr7kr5/9fnIaCnpYdrdbv69X8PZ6y3K2J5zy5KuGno5kzH8yGLOOg==
  dependencies:
    "@wasm-audio-decoders/common" "9.0.5"
    codec-parser "2.4.3"

abort-controller@^3.0.0:
  version "3.0.0"
  dependencies:
    event-target-shim "^5.0.0"

accepts@~1.3.4, accepts@~1.3.8:
  version "1.3.8"
  dependencies:
    mime-types "~2.1.34"
    negotiator "0.6.3"

ansi-regex@^5.0.1:
  version "5.0.1"

ansi-styles@^4.0.0:
  version "4.3.0"
  dependencies:
    color-convert "^2.0.1"

anymatch@~3.1.2:
  version "3.1.3"
  resolved "https://registry.npmjs.org/anymatch/-/anymatch-3.1.3.tgz"
  integrity sha512-KMReFUr0B4t+D+OBkjR3KYqvocp2XaSzO55UcB6mgQMd3KbcE+mWTyvVV7D/zsdEbNnV6acZUutkiHQXvTr1Rw==
  dependencies:
    normalize-path "^3.0.0"
    picomatch "^2.0.4"

array-flatten@1.1.1:
  version "1.1.1"

async-lock@^1.4.1:
  version "1.4.1"
  resolved "https://registry.npmjs.org/async-lock/-/async-lock-1.4.1.tgz"
  integrity sha512-Az2ZTpuytrtqENulXwO3GGv1Bztugx6TT37NIo7imr/Qo0gsYiGtSdBa2B6fsXhTpVZDNfu1Qn3pk531e3q+nQ==

async@^3.2.3:
  version "3.2.4"

asynckit@^0.4.0:
  version "0.4.0"

atomic-sleep@^1.0.0:
  version "1.0.0"

audio-buffer@^5.0.0:
  version "5.0.0"
  resolved "https://registry.npmjs.org/audio-buffer/-/audio-buffer-5.0.0.tgz"
  integrity sha512-gsDyj1wwUp8u7NBB+eW6yhLb9ICf+0eBmDX8NGaAS00w8/fLqFdxUlL5Ge/U8kB64DlQhdonxYC59dXy1J7H/w==

audio-decode@^2.1.3:
  version "2.2.2"
  resolved "https://registry.npmjs.org/audio-decode/-/audio-decode-2.2.2.tgz"
  integrity sha512-xyh7z6dpRT+5Ez4ggV2cEkSShkDvvIBBmVPR3kYY7uIBqRO1BGNjofip6JnjBnvezhrU3ypBGZjepyKFDZWnDw==
  dependencies:
    "@wasm-audio-decoders/flac" "^0.2.4"
    "@wasm-audio-decoders/ogg-vorbis" "^0.1.15"
    audio-buffer "^5.0.0"
    audio-type "^2.2.1"
    mpg123-decoder "^1.0.0"
    node-wav "^0.0.2"
    ogg-opus-decoder "^1.6.12"
    qoa-format "^1.0.1"

audio-type@^2.2.1:
  version "2.2.1"
  resolved "https://registry.npmjs.org/audio-type/-/audio-type-2.2.1.tgz"
  integrity sha512-En9AY6EG1qYqEy5L/quryzbA4akBpJrnBZNxeKTqGHC2xT9Qc4aZ8b7CcbOMFTTc/MGdoNyp+SN4zInZNKxMYA==

axios@^0.27.2:
  version "0.27.2"
  dependencies:
    follow-redirects "^1.14.9"
    form-data "^4.0.0"

axios@^1.6.0:
  version "1.7.7"
  resolved "https://registry.npmjs.org/axios/-/axios-1.7.7.tgz"
  integrity sha512-S4kL7XrjgBmvdGut0sN3yJxqYzrDOnivkBiN0OFs6hLiUam3UPvswUo0kqGyhqUZGEOytHyumEdXsAkgCOUf3Q==
  dependencies:
    follow-redirects "^1.15.6"
    form-data "^4.0.0"
    proxy-from-env "^1.1.0"

baileys@^6.7.8:
  version "6.7.8"
  resolved "https://registry.npmjs.org/baileys/-/baileys-6.7.8.tgz"
  integrity sha512-ya2XqSMwPLR78maA3TwSdxAZPVsO6wo3xR7zaZiPFUKia31Vbbh/B8B41nUhg47PrYOucqcfG3qGAc0gbK5sXw==
  dependencies:
    "@adiwajshing/keyed-db" "^0.2.4"
    "@hapi/boom" "^9.1.3"
    async-lock "^1.4.1"
    audio-decode "^2.1.3"
    axios "^1.6.0"
    cache-manager "^5.7.6"
    futoin-hkdf "^1.5.1"
    libphonenumber-js "^1.10.20"
    libsignal "github:WhiskeySockets/libsignal-node"
    lodash "^4.17.21"
    music-metadata "^7.12.3"
    node-cache "^5.1.2"
    pino "^7.0.0"
    protobufjs "^7.2.4"
    uuid "^10.0.0"
    ws "^8.13.0"

balanced-match@^1.0.0:
  version "1.0.2"

base64-js@^1.3.1:
  version "1.5.1"

base64id@~2.0.0, base64id@2.0.0:
  version "2.0.0"

binary-extensions@^2.0.0:
  version "2.3.0"
  resolved "https://registry.npmjs.org/binary-extensions/-/binary-extensions-2.3.0.tgz"
  integrity sha512-Ceh+7ox5qe7LJuLHoY0feh3pHuUDHAcRUeyL2VYghZwfpkNIy/+8Ocg0a3UuSoYzavmylwuLWQOf3hl0jjMMIw==

bl@^4.0.3:
  version "4.1.0"
  dependencies:
    buffer "^5.5.0"
    inherits "^2.0.4"
    readable-stream "^3.4.0"

body-parser@^1.20.0:
  version "1.20.2"
  dependencies:
    bytes "3.1.2"
    content-type "~1.0.5"
    debug "2.6.9"
    depd "2.0.0"
    destroy "1.2.0"
    http-errors "2.0.0"
    iconv-lite "0.4.24"
    on-finished "2.4.1"
    qs "6.11.0"
    raw-body "2.5.2"
    type-is "~1.6.18"
    unpipe "1.0.0"

body-parser@1.20.1:
  version "1.20.1"
  dependencies:
    bytes "3.1.2"
    content-type "~1.0.4"
    debug "2.6.9"
    depd "2.0.0"
    destroy "1.2.0"
    http-errors "2.0.0"
    iconv-lite "0.4.24"
    on-finished "2.4.1"
    qs "6.11.0"
    raw-body "2.5.1"
    type-is "~1.6.18"
    unpipe "1.0.0"

boolbase@^1.0.0:
  version "1.0.0"

brace-expansion@^1.1.7:
  version "1.1.11"
  resolved "https://registry.npmjs.org/brace-expansion/-/brace-expansion-1.1.11.tgz"
  integrity sha512-iCuPHDFgrHX7H2vEI/5xpz07zSHB00TpugqhmYtVmMO6518mCuRMoOYFldEBl0g187ufozdaHgWKcYFb61qGiA==
  dependencies:
    balanced-match "^1.0.0"
    concat-map "0.0.1"

brace-expansion@^2.0.1:
  version "2.0.1"
  dependencies:
    balanced-match "^1.0.0"

braces@~3.0.2:
  version "3.0.3"
  resolved "https://registry.npmjs.org/braces/-/braces-3.0.3.tgz"
  integrity sha512-yQbXgO/OSZVD2IsiLlro+7Hf6Q18EJrKSEsdoMzKePKXct3gvD8oLcOQdIzGupr5Fj+EDe8gO/lxc1BzfMpxvA==
  dependencies:
    fill-range "^7.1.1"

buffer@^5.5.0:
  version "5.7.1"
  dependencies:
    base64-js "^1.3.1"
    ieee754 "^1.1.13"

buffer@^6.0.3:
  version "6.0.3"
  dependencies:
    base64-js "^1.3.1"
    ieee754 "^1.2.1"

bytes@3.1.2:
  version "3.1.2"

cache-manager@^5.7.6:
  version "5.7.6"
  resolved "https://registry.npmjs.org/cache-manager/-/cache-manager-5.7.6.tgz"
  integrity sha512-wBxnBHjDxF1RXpHCBD6HGvKER003Ts7IIm0CHpggliHzN1RZditb7rXoduE1rplc2DEFYKxhLKgFuchXMJje9w==
  dependencies:
    eventemitter3 "^5.0.1"
    lodash.clonedeep "^4.5.0"
    lru-cache "^10.2.2"
    promise-coalesce "^1.1.2"

call-bind@^1.0.0:
  version "1.0.4"
  dependencies:
    function-bind "^1.1.2"
    get-intrinsic "^1.2.1"
    set-function-length "^1.1.0"

camelcase@^5.0.0:
  version "5.3.1"

cheerio-select@^2.1.0:
  version "2.1.0"
  dependencies:
    boolbase "^1.0.0"
    css-select "^5.1.0"
    css-what "^6.1.0"
    domelementtype "^2.3.0"
    domhandler "^5.0.3"
    domutils "^3.0.1"

cheerio@1.0.0-rc.11:
  version "1.0.0-rc.11"
  dependencies:
    cheerio-select "^2.1.0"
    dom-serializer "^2.0.0"
    domhandler "^5.0.3"
    domutils "^3.0.1"
    htmlparser2 "^8.0.1"
    parse5 "^7.0.0"
    parse5-htmlparser2-tree-adapter "^7.0.0"
    tslib "^2.4.0"

chokidar@^3.5.2:
  version "3.6.0"
  resolved "https://registry.npmjs.org/chokidar/-/chokidar-3.6.0.tgz"
  integrity sha512-7VT13fmjotKpGipCW9JEQAusEPE+Ei8nl6/g4FBAmIm0GOOLMua9NDDo/DWp0ZAxCr3cPq5ZpBqmPAQgDda2Pw==
  dependencies:
    anymatch "~3.1.2"
    braces "~3.0.2"
    glob-parent "~5.1.2"
    is-binary-path "~2.1.0"
    is-glob "~4.0.1"
    normalize-path "~3.0.0"
    readdirp "~3.6.0"
  optionalDependencies:
    fsevents "~2.3.2"

chownr@^1.1.1:
  version "1.1.4"

cliui@^6.0.0:
  version "6.0.0"
  dependencies:
    string-width "^4.2.0"
    strip-ansi "^6.0.0"
    wrap-ansi "^6.2.0"

clone@2.x:
  version "2.1.2"

codec-parser@2.4.3:
  version "2.4.3"
  resolved "https://registry.npmjs.org/codec-parser/-/codec-parser-2.4.3.tgz"
  integrity sha512-3dAvFtdpxn4YLstqsB2ZiJXXNg7n1j7R5ONeDuk+2kBkb39PwrCRytOFHlSWA8q5jCjW3PumeMv9q37bFHsijg==

color-convert@^1.9.3:
  version "1.9.3"
  dependencies:
    color-name "1.1.3"

color-convert@^2.0.1:
  version "2.0.1"
  dependencies:
    color-name "~1.1.4"

color-name@^1.0.0, color-name@~1.1.4:
  version "1.1.4"

color-name@1.1.3:
  version "1.1.3"

color-string@^1.6.0, color-string@^1.9.0:
  version "1.9.1"
  dependencies:
    color-name "^1.0.0"
    simple-swizzle "^0.2.2"

color@^3.1.3:
  version "3.2.1"
  dependencies:
    color-convert "^1.9.3"
    color-string "^1.6.0"

color@^4.2.3:
  version "4.2.3"
  dependencies:
    color-convert "^2.0.1"
    color-string "^1.9.0"

colorette@^2.0.7:
  version "2.0.20"

colorspace@1.1.x:
  version "1.1.4"
  dependencies:
    color "^3.1.3"
    text-hex "1.0.x"

combined-stream@^1.0.8:
  version "1.0.8"
  dependencies:
    delayed-stream "~1.0.0"

concat-map@0.0.1:
  version "0.0.1"
  resolved "https://registry.npmjs.org/concat-map/-/concat-map-0.0.1.tgz"
  integrity sha512-/Srv4dswyQNBfohGpz9o6Yb3Gz3SrUDqBH5rTuhGR7ahtlbYKnVxw2bCFMRljaA7EXHaXZ8wsHdodFvbkhKmqg==

content-disposition@0.5.4:
  version "0.5.4"
  dependencies:
    safe-buffer "5.2.1"

content-type@^1.0.5, content-type@~1.0.4, content-type@~1.0.5:
  version "1.0.5"

cookie-signature@1.0.6:
  version "1.0.6"

cookie@~0.4.1:
  version "0.4.2"

cookie@0.5.0:
  version "0.5.0"

cors@~2.8.5:
  version "2.8.5"
  dependencies:
    object-assign "^4"
    vary "^1"

cross-fetch@3.1.5:
  version "3.1.5"
  dependencies:
    node-fetch "2.6.7"

crypto-js@^4.1.1:
  version "4.1.1"

css-select@^5.1.0:
  version "5.1.0"
  dependencies:
    boolbase "^1.0.0"
    css-what "^6.1.0"
    domhandler "^5.0.2"
    domutils "^3.0.1"
    nth-check "^2.0.1"

css-what@^6.1.0:
  version "6.1.0"

curve25519-js@^0.0.4:
  version "0.0.4"

dateformat@^4.6.3:
  version "4.6.3"

debug@^4, debug@^4.3.4, debug@~4.3.1, debug@~4.3.2:
  version "4.3.4"
  dependencies:
    ms "2.1.2"

debug@2.6.9:
  version "2.6.9"
  dependencies:
    ms "2.0.0"

decamelize@^1.2.0:
  version "1.2.0"

decompress-response@^6.0.0:
  version "6.0.0"
  dependencies:
    mimic-response "^3.1.0"

deep-extend@^0.6.0:
  version "0.6.0"

define-data-property@^1.1.1:
  version "1.1.1"
  dependencies:
    get-intrinsic "^1.2.1"
    gopd "^1.0.1"
    has-property-descriptors "^1.0.0"

delayed-stream@~1.0.0:
  version "1.0.0"

depd@2.0.0:
  version "2.0.0"

destroy@1.2.0:
  version "1.2.0"

detect-libc@^2.0.0, detect-libc@^2.0.1:
  version "2.0.2"

dijkstrajs@^1.0.1:
  version "1.0.3"

dom-serializer@^2.0.0:
  version "2.0.0"
  dependencies:
    domelementtype "^2.3.0"
    domhandler "^5.0.2"
    entities "^4.2.0"

domelementtype@^2.3.0:
  version "2.3.0"

domhandler@^5.0.2, domhandler@^5.0.3:
  version "5.0.3"
  dependencies:
    domelementtype "^2.3.0"

domutils@^3.0.1:
  version "3.1.0"
  dependencies:
    dom-serializer "^2.0.0"
    domelementtype "^2.3.0"
    domhandler "^5.0.3"

dotenv@^16.0.1:
  version "16.3.1"

duplexify@^4.1.2:
  version "4.1.3"
  resolved "https://registry.npmjs.org/duplexify/-/duplexify-4.1.3.tgz"
  integrity sha512-M3BmBhwJRZsSx38lZyhE53Csddgzl5R7xGJNk7CVddZD6CcmwMCH8J+7AprIrQKH7TonKxaCjcv27Qmf+sQ+oA==
  dependencies:
    end-of-stream "^1.4.1"
    inherits "^2.0.3"
    readable-stream "^3.1.1"
    stream-shift "^1.0.2"

ee-first@1.1.1:
  version "1.1.1"

emoji-regex@^8.0.0:
  version "8.0.0"

enabled@2.0.x:
  version "2.0.0"

encode-utf8@^1.0.3:
  version "1.0.3"

encodeurl@~1.0.2:
  version "1.0.2"

end-of-stream@^1.1.0, end-of-stream@^1.4.1:
  version "1.4.4"
  dependencies:
    once "^1.4.0"

engine.io-parser@~5.2.1:
  version "5.2.1"

engine.io@~6.5.2:
  version "6.5.3"
  dependencies:
    "@types/cookie" "^0.4.1"
    "@types/cors" "^2.8.12"
    "@types/node" ">=10.0.0"
    accepts "~1.3.4"
    base64id "2.0.0"
    cookie "~0.4.1"
    cors "~2.8.5"
    debug "~4.3.1"
    engine.io-parser "~5.2.1"
    ws "~8.11.0"

entities@^4.2.0, entities@^4.4.0:
  version "4.5.0"

escape-html@~1.0.3:
  version "1.0.3"

etag@~1.8.1:
  version "1.8.1"

event-target-shim@^5.0.0:
  version "5.0.1"

eventemitter3@^5.0.1:
  version "5.0.1"
  resolved "https://registry.npmjs.org/eventemitter3/-/eventemitter3-5.0.1.tgz"
  integrity sha512-GWkBvjiSZK87ELrYOSESUYeVIc9mvLLf/nXalMOS5dYrgZq9o5OVkbZAVM06CVxYsCwH9BDZFPlQTlPA1j4ahA==

events@^3.3.0:
  version "3.3.0"

expand-template@^2.0.3:
  version "2.0.3"

express@^4.18.1:
  version "4.18.2"
  dependencies:
    accepts "~1.3.8"
    array-flatten "1.1.1"
    body-parser "1.20.1"
    content-disposition "0.5.4"
    content-type "~1.0.4"
    cookie "0.5.0"
    cookie-signature "1.0.6"
    debug "2.6.9"
    depd "2.0.0"
    encodeurl "~1.0.2"
    escape-html "~1.0.3"
    etag "~1.8.1"
    finalhandler "1.2.0"
    fresh "0.5.2"
    http-errors "2.0.0"
    merge-descriptors "1.0.1"
    methods "~1.1.2"
    on-finished "2.4.1"
    parseurl "~1.3.3"
    path-to-regexp "0.1.7"
    proxy-addr "~2.0.7"
    qs "6.11.0"
    range-parser "~1.2.1"
    safe-buffer "5.2.1"
    send "0.18.0"
    serve-static "1.15.0"
    setprototypeof "1.2.0"
    statuses "2.0.1"
    type-is "~1.6.18"
    utils-merge "1.0.1"
    vary "~1.1.2"

fast-copy@^2.1.1:
  version "2.1.7"

fast-redact@^3.0.0, fast-redact@^3.1.1:
  version "3.3.0"

fast-safe-stringify@^2.1.1:
  version "2.1.1"

fecha@^4.2.0:
  version "4.2.3"

file-stream-rotator@^0.6.1:
  version "0.6.1"
  dependencies:
    moment "^2.29.1"

file-type@^16.5.4:
  version "16.5.4"
  resolved "https://registry.npmjs.org/file-type/-/file-type-16.5.4.tgz"
  integrity sha512-/yFHK0aGjFEgDJjEKP0pWCplsPFPhwyfwevf/pVxiN0tmE4L9LmwWxWukdJSHdoCli4VgQLehjJtwQBnqmsKcw==
  dependencies:
    readable-web-to-node-stream "^3.0.0"
    strtok3 "^6.2.4"
    token-types "^4.1.1"

file-type@^18.2.1:
  version "18.5.0"
  dependencies:
    readable-web-to-node-stream "^3.0.2"
    strtok3 "^7.0.0"
    token-types "^5.0.1"

fill-range@^7.1.1:
  version "7.1.1"
  resolved "https://registry.npmjs.org/fill-range/-/fill-range-7.1.1.tgz"
  integrity sha512-YsGpe3WHLK8ZYi4tWDg2Jy3ebRz2rXowDxnld4bkQB00cc/1Zw9AWnC0i9ztDJitivtQvaI9KaLyKrc+hBW0yg==
  dependencies:
    to-regex-range "^5.0.1"

finalhandler@1.2.0:
  version "1.2.0"
  dependencies:
    debug "2.6.9"
    encodeurl "~1.0.2"
    escape-html "~1.0.3"
    on-finished "2.4.1"
    parseurl "~1.3.3"
    statuses "2.0.1"
    unpipe "~1.0.0"

find-up@^4.1.0:
  version "4.1.0"
  dependencies:
    locate-path "^5.0.0"
    path-exists "^4.0.0"

fn.name@1.x.x:
  version "1.1.0"

follow-redirects@^1.14.9, follow-redirects@^1.15.6:
  version "1.15.9"
  resolved "https://registry.npmjs.org/follow-redirects/-/follow-redirects-1.15.9.tgz"
  integrity sha512-gew4GsXizNgdoRyqmyfMHyAmXsZDk6mHkSxZFCzW9gwlbtOW44CDtYavM+y+72qD/Vq2l550kMF52DT8fOLJqQ==

form-data@^4.0.0:
  version "4.0.0"
  dependencies:
    asynckit "^0.4.0"
    combined-stream "^1.0.8"
    mime-types "^2.1.12"

forwarded@0.2.0:
  version "0.2.0"

fresh@0.5.2:
  version "0.5.2"

fs-constants@^1.0.0:
  version "1.0.0"

fs.realpath@^1.0.0:
  version "1.0.0"

function-bind@^1.1.1, function-bind@^1.1.2:
  version "1.1.2"

futoin-hkdf@^1.5.1:
  version "1.5.3"

get-caller-file@^2.0.1:
  version "2.0.5"

get-intrinsic@^1.0.2, get-intrinsic@^1.1.1, get-intrinsic@^1.1.3, get-intrinsic@^1.2.1:
  version "1.2.1"
  dependencies:
    function-bind "^1.1.1"
    has "^1.0.3"
    has-proto "^1.0.1"
    has-symbols "^1.0.3"

github-from-package@0.0.0:
  version "0.0.0"

glob-parent@~5.1.2:
  version "5.1.2"
  resolved "https://registry.npmjs.org/glob-parent/-/glob-parent-5.1.2.tgz"
  integrity sha512-AOIgSQCepiJYwP3ARnGx+5VnTu2HBYdzbGP45eLw1vr3zB3vZLeyed1sC9hnbcOc9/SrMyM5RPQrkGz4aS9Zow==
  dependencies:
    is-glob "^4.0.1"

glob@^8.0.0:
  version "8.1.0"
  dependencies:
    fs.realpath "^1.0.0"
    inflight "^1.0.4"
    inherits "2"
    minimatch "^5.0.1"
    once "^1.3.0"

gopd@^1.0.1:
  version "1.0.1"
  dependencies:
    get-intrinsic "^1.1.3"

has-flag@^3.0.0:
  version "3.0.0"
  resolved "https://registry.npmjs.org/has-flag/-/has-flag-3.0.0.tgz"
  integrity sha512-sKJf1+ceQBr4SMkvQnBDNDtf4TXpVhVGateu0t918bl30FnbE2m4vNLX+VWe/dpjlb+HugGYzW7uQXH98HPEYw==

has-property-descriptors@^1.0.0:
  version "1.0.0"
  dependencies:
    get-intrinsic "^1.1.1"

has-proto@^1.0.1:
  version "1.0.1"

has-symbols@^1.0.3:
  version "1.0.3"

has@^1.0.3:
  version "1.0.4"

help-me@^4.0.1:
  version "4.2.0"
  dependencies:
    glob "^8.0.0"
    readable-stream "^3.6.0"

htmlparser2@^8.0.1:
  version "8.0.2"
  dependencies:
    domelementtype "^2.3.0"
    domhandler "^5.0.3"
    domutils "^3.0.1"
    entities "^4.4.0"

http-errors@2.0.0:
  version "2.0.0"
  dependencies:
    depd "2.0.0"
    inherits "2.0.4"
    setprototypeof "1.2.0"
    statuses "2.0.1"
    toidentifier "1.0.1"

iconv-lite@0.4.24:
  version "0.4.24"
  dependencies:
    safer-buffer ">= 2.1.2 < 3"

ieee754@^1.1.13, ieee754@^1.2.1:
  version "1.2.1"

ignore-by-default@^1.0.1:
  version "1.0.1"
  resolved "https://registry.npmjs.org/ignore-by-default/-/ignore-by-default-1.0.1.tgz"
  integrity sha512-Ius2VYcGNk7T90CppJqcIkS5ooHUZyIQK+ClZfMfMNFEF9VSE73Fq+906u/CWu92x4gzZMWOwfFYckPObzdEbA==

inflight@^1.0.4:
  version "1.0.6"
  dependencies:
    once "^1.3.0"
    wrappy "1"

inherits@^2.0.3, inherits@^2.0.4, inherits@2, inherits@2.0.4:
  version "2.0.4"

ini@~1.3.0:
  version "1.3.8"

ipaddr.js@1.9.1:
  version "1.9.1"

is-arrayish@^0.3.1:
  version "0.3.2"

is-binary-path@~2.1.0:
  version "2.1.0"
  resolved "https://registry.npmjs.org/is-binary-path/-/is-binary-path-2.1.0.tgz"
  integrity sha512-ZMERYes6pDydyuGidse7OsHxtbI7WVeUEozgR/g7rd0xUimYNlvZRE/K2MgZTjWy725IfelLeVcEM97mmtRGXw==
  dependencies:
    binary-extensions "^2.0.0"

is-extglob@^2.1.1:
  version "2.1.1"
  resolved "https://registry.npmjs.org/is-extglob/-/is-extglob-2.1.1.tgz"
  integrity sha512-SbKbANkN603Vi4jEZv49LeVJMn4yGwsbzZworEoyEiutsN3nJYdbO36zfhGJ6QEDpOZIFkDtnq5JRxmvl3jsoQ==

is-fullwidth-code-point@^3.0.0:
  version "3.0.0"

is-glob@^4.0.1, is-glob@~4.0.1:
  version "4.0.3"
  resolved "https://registry.npmjs.org/is-glob/-/is-glob-4.0.3.tgz"
  integrity sha512-xelSayHH36ZgE7ZWhli7pW34hNbNl8Ojv5KVmkJD4hBdD3th8Tfk9vYasLM+mXWOZhFkgZfxhLSnrwRr4elSSg==
  dependencies:
    is-extglob "^2.1.1"

is-number@^7.0.0:
  version "7.0.0"
  resolved "https://registry.npmjs.org/is-number/-/is-number-7.0.0.tgz"
  integrity sha512-41Cifkg6e8TylSpdtTpeLVMqvSBEVzTttHvERD741+pnZ8ANv0004MRL43QKPDlK9cGvNp6NZWZUBlbGXYxxng==

is-stream@^2.0.0:
  version "2.0.1"

joycon@^3.1.1:
  version "3.1.1"

kuler@^2.0.0:
  version "2.0.0"

libphonenumber-js@^1.10.20:
  version "1.11.11"
  resolved "https://registry.npmjs.org/libphonenumber-js/-/libphonenumber-js-1.11.11.tgz"
  integrity sha512-mF3KaORjJQR6JBNcOkluDcJKhtoQT4VTLRMrX1v/wlBayL4M8ybwEDeryyPcrSEJmD0rVwHUbBarpZwN5NfPFQ==

"libsignal@git+https://github.com/adiwajshing/libsignal-node":
  version "2.0.1"
  resolved "git+ssh://git@github.com/adiwajshing/libsignal-node.git#11dbd962ea108187c79a7c46fe4d6f790e23da97"
  dependencies:
    curve25519-js "^0.0.4"
    protobufjs "6.8.8"

"libsignal@github:WhiskeySockets/libsignal-node":
  version "2.0.1"
  resolved "git+ssh://git@github.com/WhiskeySockets/libsignal-node.git#83a3e3a3864511cb74df1b796373f0d49d071134"
  dependencies:
    curve25519-js "^0.0.4"
    protobufjs "6.8.8"

link-preview-js@^2.1.19:
  version "2.1.19"
  dependencies:
    abort-controller "^3.0.0"
    cheerio "1.0.0-rc.11"
    cross-fetch "3.1.5"
    url "0.11.0"

locate-path@^5.0.0:
  version "5.0.0"
  dependencies:
    p-locate "^4.1.0"

lodash.clonedeep@^4.5.0:
  version "4.5.0"
  resolved "https://registry.npmjs.org/lodash.clonedeep/-/lodash.clonedeep-4.5.0.tgz"
  integrity sha512-H5ZhCF25riFd9uB5UCkVKo61m3S/xZk1x4wA6yp/L3RFP6Z/eHH1ymQcGLo7J3GMPfm0V/7m1tryHuGVxpqEBQ==

lodash@^4.17.21:
  version "4.17.21"
  resolved "https://registry.npmjs.org/lodash/-/lodash-4.17.21.tgz"
  integrity sha512-v2kDEe57lecTulaDIuNTPy3Ry4gLGJ6Z1O3vE1krgXZNrsQ+LFTGHVxVjcXPs17LhbZVGedAJv8XZ1tvj5FvSg==

logform@^2.3.2, logform@^2.4.0:
  version "2.6.0"
  dependencies:
    "@colors/colors" "1.6.0"
    "@types/triple-beam" "^1.3.2"
    fecha "^4.2.0"
    ms "^2.1.1"
    safe-stable-stringify "^2.3.1"
    triple-beam "^1.3.0"

long@^4.0.0:
  version "4.0.0"

long@^5.0.0:
  version "5.2.3"

lru-cache@^10.2.2:
  version "10.4.3"
  resolved "https://registry.npmjs.org/lru-cache/-/lru-cache-10.4.3.tgz"
  integrity sha512-JNAzZcXrCt42VGLuYz0zfAzDfAvJWW6AfYlDBQyDV5DClI2m5sAmK+OIO7s59XfsRsWHp02jAJrRadPRGTt6SQ==

lru-cache@^6.0.0:
  version "6.0.0"
  dependencies:
    yallist "^4.0.0"

media-typer@^1.1.0:
  version "1.1.0"
  resolved "https://registry.npmjs.org/media-typer/-/media-typer-1.1.0.tgz"
  integrity sha512-aisnrDP4GNe06UcKFnV5bfMNPBUw4jsLGaWwWfnH3v02GnBuXX2MCVn5RbrWo0j3pczUilYblq7fQ7Nw2t5XKw==

media-typer@0.3.0:
  version "0.3.0"

merge-descriptors@1.0.1:
  version "1.0.1"

methods@~1.1.2:
  version "1.1.2"

mime-db@1.52.0:
  version "1.52.0"

mime-types@^2.1.12, mime-types@~2.1.24, mime-types@~2.1.34:
  version "2.1.35"
  dependencies:
    mime-db "1.52.0"

mime@1.6.0:
  version "1.6.0"

mimic-response@^3.1.0:
  version "3.1.0"

minimatch@^3.1.2:
  version "3.1.2"
  resolved "https://registry.npmjs.org/minimatch/-/minimatch-3.1.2.tgz"
  integrity sha512-J7p63hRiAjw1NDEww1W7i37+ByIrOWO5XQQAzZ3VOcL0PNybwpfmV/N05zFAzwQ9USyEcX6t3UO+K5aqBQOIHw==
  dependencies:
    brace-expansion "^1.1.7"

minimatch@^5.0.1:
  version "5.1.6"
  dependencies:
    brace-expansion "^2.0.1"

minimist@^1.2.0, minimist@^1.2.3, minimist@^1.2.6:
  version "1.2.8"

mkdirp-classic@^0.5.2, mkdirp-classic@^0.5.3:
  version "0.5.3"

moment@^2.29.1:
  version "2.29.4"

mpg123-decoder@^1.0.0:
  version "1.0.0"
  resolved "https://registry.npmjs.org/mpg123-decoder/-/mpg123-decoder-1.0.0.tgz"
  integrity sha512-WV+pyuMUhRqv7s8S6p/Ii4KQHdBD1pb3yaABxcKJRsNp+HQ/Y6z2iIBIaOZu0JMHPTOoICYt0REDZ7XfLu+n/g==
  dependencies:
    "@wasm-audio-decoders/common" "9.0.5"

ms@^2.1.1, ms@2.1.3:
  version "2.1.3"

ms@2.0.0:
  version "2.0.0"

ms@2.1.2:
  version "2.1.2"

music-metadata@^7.12.3:
  version "7.14.0"
  resolved "https://registry.npmjs.org/music-metadata/-/music-metadata-7.14.0.tgz"
  integrity sha512-xrm3w7SV0Wk+OythZcSbaI8mcr/KHd0knJieu8bVpaPfMv/Agz5EooCAPz3OR5hbYMiUG6dgAPKZKnMzV+3amA==
  dependencies:
    "@tokenizer/token" "^0.3.0"
    content-type "^1.0.5"
    debug "^4.3.4"
    file-type "^16.5.4"
    media-typer "^1.1.0"
    strtok3 "^6.3.0"
    token-types "^4.2.1"

music-metadata@^8.0.1:
  version "8.1.4"
  dependencies:
    "@tokenizer/token" "^0.3.0"
    content-type "^1.0.5"
    debug "^4.3.4"
    file-type "^18.2.1"
    media-typer "^1.1.0"
    strtok3 "^7.0.0"
    token-types "^5.0.1"

napi-build-utils@^1.0.1:
  version "1.0.2"

negotiator@0.6.3:
  version "0.6.3"

node-abi@^3.3.0:
  version "3.51.0"
  dependencies:
    semver "^7.3.5"

node-addon-api@^5.0.0:
  version "5.1.0"

node-cache@^5.1.2:
  version "5.1.2"
  dependencies:
    clone "2.x"

node-cron@^3.0.1:
  version "3.0.2"
  dependencies:
    uuid "8.3.2"

node-fetch@2.6.7:
  version "2.6.7"
  dependencies:
    whatwg-url "^5.0.0"

node-wav@^0.0.2:
  version "0.0.2"
  resolved "https://registry.npmjs.org/node-wav/-/node-wav-0.0.2.tgz"
  integrity sha512-M6Rm/bbG6De/gKGxOpeOobx/dnGuP0dz40adqx38boqHhlWssBJZgLCPBNtb9NkrmnKYiV04xELq+R6PFOnoLA==

nodemon@^3.1.4:
  version "3.1.4"
  resolved "https://registry.npmjs.org/nodemon/-/nodemon-3.1.4.tgz"
  integrity sha512-wjPBbFhtpJwmIeY2yP7QF+UKzPfltVGtfce1g/bB15/8vCGZj8uxD62b/b9M9/WVgme0NZudpownKN+c0plXlQ==
  dependencies:
    chokidar "^3.5.2"
    debug "^4"
    ignore-by-default "^1.0.1"
    minimatch "^3.1.2"
    pstree.remy "^1.1.8"
    semver "^7.5.3"
    simple-update-notifier "^2.0.0"
    supports-color "^5.5.0"
    touch "^3.1.0"
    undefsafe "^2.0.5"

normalize-path@^3.0.0, normalize-path@~3.0.0:
  version "3.0.0"
  resolved "https://registry.npmjs.org/normalize-path/-/normalize-path-3.0.0.tgz"
  integrity sha512-6eZs5Ls3WtCisHWp9S2GUy8dqkpGi4BVSz3GaqiE6ezub0512ESztXUwUB6C6IKbQkY2Pnb/mD4WYojCRwcwLA==

nth-check@^2.0.1:
  version "2.1.1"
  dependencies:
    boolbase "^1.0.0"

object-assign@^4:
  version "4.1.1"

object-hash@^2.0.1:
  version "2.2.0"

object-inspect@^1.9.0:
  version "1.13.1"

ogg-opus-decoder@^1.6.12:
  version "1.6.12"
  resolved "https://registry.npmjs.org/ogg-opus-decoder/-/ogg-opus-decoder-1.6.12.tgz"
  integrity sha512-6MY/rgFegJABKVE7LS10lmVoy8dFhvLDbIlcymgMnn0qZG0YHqcUU+bW+MkVyhhWN3H0vqtkRlPHGOXU6yR5YQ==
  dependencies:
    "@wasm-audio-decoders/common" "9.0.5"
    codec-parser "2.4.3"
    opus-decoder "0.7.6"

on-exit-leak-free@^0.2.0:
  version "0.2.0"
  resolved "https://registry.npmjs.org/on-exit-leak-free/-/on-exit-leak-free-0.2.0.tgz"
  integrity sha512-dqaz3u44QbRXQooZLTUKU41ZrzYrcvLISVgbrzbyCMxpmSLJvZ3ZamIJIZ29P6OhZIkNIQKosdeM6t1LYbA9hg==

on-exit-leak-free@^1.0.0:
  version "1.0.0"

on-exit-leak-free@^2.1.0:
  version "2.1.2"

on-finished@2.4.1:
  version "2.4.1"
  dependencies:
    ee-first "1.1.1"

once@^1.3.0, once@^1.3.1, once@^1.4.0:
  version "1.4.0"
  dependencies:
    wrappy "1"

one-time@^1.0.0:
  version "1.0.0"
  dependencies:
    fn.name "1.x.x"

opus-decoder@0.7.6:
  version "0.7.6"
  resolved "https://registry.npmjs.org/opus-decoder/-/opus-decoder-0.7.6.tgz"
  integrity sha512-5QYSl1YQYbSzWL7vM4dJoyrLC804xIvBFjfKTZZ6/z/EgmdFouOTT+8PDM2V18vzgnhRNPDuyB2aTfl/2hvMRA==
  dependencies:
    "@wasm-audio-decoders/common" "9.0.5"

or@^0.2.0:
  version "0.2.0"
  resolved "https://registry.npmjs.org/or/-/or-0.2.0.tgz"
  integrity sha512-BHB8VZq2isxkyRaCBZ6CZCbQBzCT+gy8LPiqdbMH1+Fd6biFj3v8ebjeYzzL51PbsApsPYnGegGTO6KLQMxxDw==

p-limit@^2.2.0:
  version "2.3.0"
  dependencies:
    p-try "^2.0.0"

p-locate@^4.1.0:
  version "4.1.0"
  dependencies:
    p-limit "^2.2.0"

p-try@^2.0.0:
  version "2.2.0"

parse5-htmlparser2-tree-adapter@^7.0.0:
  version "7.0.0"
  dependencies:
    domhandler "^5.0.2"
    parse5 "^7.0.0"

parse5@^7.0.0:
  version "7.1.2"
  dependencies:
    entities "^4.4.0"

parseurl@~1.3.3:
  version "1.3.3"

path-exists@^4.0.0:
  version "4.0.0"

path-to-regexp@0.1.7:
  version "0.1.7"

peek-readable@^4.1.0:
  version "4.1.0"
  resolved "https://registry.npmjs.org/peek-readable/-/peek-readable-4.1.0.tgz"
  integrity sha512-ZI3LnwUv5nOGbQzD9c2iDG6toheuXSZP5esSHBjopsXH4dg19soufvpUGA3uohi5anFtGb2lhAVdHzH6R/Evvg==

peek-readable@^5.0.0:
  version "5.0.0"

picomatch@^2.0.4, picomatch@^2.2.1:
  version "2.3.1"
  resolved "https://registry.npmjs.org/picomatch/-/picomatch-2.3.1.tgz"
  integrity sha512-JU3teHTNjmE2VCGFzuY8EXzCDVwEqB2a8fsIvwaStHhAWJEeVd1o1QD80CU6+ZdEXXSLbSsuLwJjkCBWqRQUVA==

pino-abstract-transport@^1.0.0, pino-abstract-transport@v1.1.0:
  version "1.1.0"
  dependencies:
    readable-stream "^4.0.0"
    split2 "^4.0.0"

pino-abstract-transport@v0.5.0:
  version "0.5.0"
  resolved "https://registry.npmjs.org/pino-abstract-transport/-/pino-abstract-transport-0.5.0.tgz"
  integrity sha512-+KAgmVeqXYbTtU2FScx1XS3kNyfZ5TrXY07V96QnUSFqo2gAqlvmaxH67Lj7SWazqsMabf+58ctdTcBgnOLUOQ==
  dependencies:
    duplexify "^4.1.2"
    split2 "^4.0.0"

pino-pretty@^8.1.0:
  version "8.1.0"
  dependencies:
    colorette "^2.0.7"
    dateformat "^4.6.3"
    fast-copy "^2.1.1"
    fast-safe-stringify "^2.1.1"
    help-me "^4.0.1"
    joycon "^3.1.1"
    minimist "^1.2.6"
    on-exit-leak-free "^1.0.0"
    pino-abstract-transport "^1.0.0"
    pump "^3.0.0"
    readable-stream "^4.0.0"
    secure-json-parse "^2.4.0"
    sonic-boom "^3.0.0"
    strip-json-comments "^3.1.1"

pino-std-serializers@^4.0.0:
  version "4.0.0"
  resolved "https://registry.npmjs.org/pino-std-serializers/-/pino-std-serializers-4.0.0.tgz"
  integrity sha512-cK0pekc1Kjy5w9V2/n+8MkZwusa6EyyxfeQCB799CQRhRt/CqYKiWs5adeu8Shve2ZNffvfC/7J64A2PJo1W/Q==

pino-std-serializers@^6.0.0:
  version "6.2.2"

pino@^7.0.0:
  version "7.11.0"
  resolved "https://registry.npmjs.org/pino/-/pino-7.11.0.tgz"
  integrity sha512-dMACeu63HtRLmCG8VKdy4cShCPKaYDR4youZqoSWLxl5Gu99HUw8bw75thbPv9Nip+H+QYX8o3ZJbTdVZZ2TVg==
  dependencies:
    atomic-sleep "^1.0.0"
    fast-redact "^3.0.0"
    on-exit-leak-free "^0.2.0"
    pino-abstract-transport v0.5.0
    pino-std-serializers "^4.0.0"
    process-warning "^1.0.0"
    quick-format-unescaped "^4.0.3"
    real-require "^0.1.0"
    safe-stable-stringify "^2.1.0"
    sonic-boom "^2.2.1"
    thread-stream "^0.15.1"

pino@^8.1.0:
  version "8.16.0"
  dependencies:
    atomic-sleep "^1.0.0"
    fast-redact "^3.1.1"
    on-exit-leak-free "^2.1.0"
    pino-abstract-transport v1.1.0
    pino-std-serializers "^6.0.0"
    process-warning "^2.0.0"
    quick-format-unescaped "^4.0.3"
    real-require "^0.2.0"
    safe-stable-stringify "^2.3.1"
    sonic-boom "^3.7.0"
    thread-stream "^2.0.0"

pngjs@^5.0.0:
  version "5.0.0"

prebuild-install@^7.1.1:
  version "7.1.1"
  dependencies:
    detect-libc "^2.0.0"
    expand-template "^2.0.3"
    github-from-package "0.0.0"
    minimist "^1.2.3"
    mkdirp-classic "^0.5.3"
    napi-build-utils "^1.0.1"
    node-abi "^3.3.0"
    pump "^3.0.0"
    rc "^1.2.7"
    simple-get "^4.0.0"
    tar-fs "^2.0.0"
    tunnel-agent "^0.6.0"

process-warning@^1.0.0:
  version "1.0.0"
  resolved "https://registry.npmjs.org/process-warning/-/process-warning-1.0.0.tgz"
  integrity sha512-du4wfLyj4yCZq1VupnVSZmRsPJsNuxoDQFdCFHLaYiEbFBD7QE0a+I4D7hOxrVnh78QE/YipFAj9lXHiXocV+Q==

process-warning@^2.0.0:
  version "2.2.0"

process@^0.11.10:
  version "0.11.10"

promise-coalesce@^1.1.2:
  version "1.1.2"
  resolved "https://registry.npmjs.org/promise-coalesce/-/promise-coalesce-1.1.2.tgz"
  integrity sha512-zLaJ9b8hnC564fnJH6NFSOGZYYdzrAJn2JUUIwzoQb32fG2QAakpDNM+CZo1km6keXkRXRM+hml1BFAPVnPkxg==

protobufjs@^7.0.0, protobufjs@^7.2.4:
  version "7.2.5"
  dependencies:
    "@protobufjs/aspromise" "^1.1.2"
    "@protobufjs/base64" "^1.1.2"
    "@protobufjs/codegen" "^2.0.4"
    "@protobufjs/eventemitter" "^1.1.0"
    "@protobufjs/fetch" "^1.1.0"
    "@protobufjs/float" "^1.0.2"
    "@protobufjs/inquire" "^1.1.0"
    "@protobufjs/path" "^1.1.2"
    "@protobufjs/pool" "^1.1.0"
    "@protobufjs/utf8" "^1.1.0"
    "@types/node" ">=13.7.0"
    long "^5.0.0"

protobufjs@6.8.8:
  version "6.8.8"
  resolved "https://registry.npmjs.org/protobufjs/-/protobufjs-6.8.8.tgz"
  integrity sha512-AAmHtD5pXgZfi7GMpllpO3q1Xw1OYldr+dMUlAnffGTAhqkg72WdmSY71uKBF/JuyiKs8psYbtKrhi0ASCD8qw==
  dependencies:
    "@protobufjs/aspromise" "^1.1.2"
    "@protobufjs/base64" "^1.1.2"
    "@protobufjs/codegen" "^2.0.4"
    "@protobufjs/eventemitter" "^1.1.0"
    "@protobufjs/fetch" "^1.1.0"
    "@protobufjs/float" "^1.0.2"
    "@protobufjs/inquire" "^1.1.0"
    "@protobufjs/path" "^1.1.2"
    "@protobufjs/pool" "^1.1.0"
    "@protobufjs/utf8" "^1.1.0"
    "@types/long" "^4.0.0"
    "@types/node" "^10.1.0"
    long "^4.0.0"

proxy-addr@~2.0.7:
  version "2.0.7"
  dependencies:
    forwarded "0.2.0"
    ipaddr.js "1.9.1"

proxy-from-env@^1.1.0:
  version "1.1.0"
  resolved "https://registry.npmjs.org/proxy-from-env/-/proxy-from-env-1.1.0.tgz"
  integrity sha512-D+zkORCbA9f1tdWRK0RaCR3GPv50cMxcrz4X8k5LTSUD1Dkw47mKJEZQNunItRTkWwgtaUSo1RVFRIG9ZXiFYg==

pstree.remy@^1.1.8:
  version "1.1.8"
  resolved "https://registry.npmjs.org/pstree.remy/-/pstree.remy-1.1.8.tgz"
  integrity sha512-77DZwxQmxKnu3aR542U+X8FypNzbfJ+C5XQDk3uWjWxn6151aIMGthWYRXTqT1E5oJvg+ljaa2OJi+VfvCOQ8w==

pump@^3.0.0:
  version "3.0.0"
  dependencies:
    end-of-stream "^1.1.0"
    once "^1.3.1"

punycode@1.3.2:
  version "1.3.2"

qoa-format@^1.0.1:
  version "1.0.1"
  resolved "https://registry.npmjs.org/qoa-format/-/qoa-format-1.0.1.tgz"
  integrity sha512-dMB0Z6XQjdpz/Cw4Rf6RiBpQvUSPCfYlQMWvmuWlWkAT7nDQD29cVZ1SwDUB6DYJSitHENwbt90lqfI+7bvMcw==
  dependencies:
    "@thi.ng/bitstream" "^2.2.12"

qrcode-terminal@^0.12.0:
  version "0.12.0"

qrcode@^1.5.0:
  version "1.5.3"
  dependencies:
    dijkstrajs "^1.0.1"
    encode-utf8 "^1.0.3"
    pngjs "^5.0.0"
    yargs "^15.3.1"

qs@6.11.0:
  version "6.11.0"
  dependencies:
    side-channel "^1.0.4"

querystring@0.2.0:
  version "0.2.0"

quick-format-unescaped@^4.0.3:
  version "4.0.4"

range-parser@~1.2.1:
  version "1.2.1"

raw-body@2.5.1:
  version "2.5.1"
  dependencies:
    bytes "3.1.2"
    http-errors "2.0.0"
    iconv-lite "0.4.24"
    unpipe "1.0.0"

raw-body@2.5.2:
  version "2.5.2"
  dependencies:
    bytes "3.1.2"
    http-errors "2.0.0"
    iconv-lite "0.4.24"
    unpipe "1.0.0"

rc@^1.2.7:
  version "1.2.8"
  dependencies:
    deep-extend "^0.6.0"
    ini "~1.3.0"
    minimist "^1.2.0"
    strip-json-comments "~2.0.1"

readable-stream@^3.1.1, readable-stream@^3.4.0, readable-stream@^3.6.0:
  version "3.6.2"
  dependencies:
    inherits "^2.0.3"
    string_decoder "^1.1.1"
    util-deprecate "^1.0.1"

readable-stream@^4.0.0:
  version "4.4.2"
  dependencies:
    abort-controller "^3.0.0"
    buffer "^6.0.3"
    events "^3.3.0"
    process "^0.11.10"
    string_decoder "^1.3.0"

readable-web-to-node-stream@^3.0.0, readable-web-to-node-stream@^3.0.2:
  version "3.0.2"
  dependencies:
    readable-stream "^3.6.0"

readdirp@~3.6.0:
  version "3.6.0"
  resolved "https://registry.npmjs.org/readdirp/-/readdirp-3.6.0.tgz"
  integrity sha512-hOS089on8RduqdbhvQ5Z37A0ESjsqz6qnRcffsMU3495FuTdqSm+7bhJ29JvIOsBDEEnan5DPu9t3To9VRlMzA==
  dependencies:
    picomatch "^2.2.1"

real-require@^0.1.0:
  version "0.1.0"
  resolved "https://registry.npmjs.org/real-require/-/real-require-0.1.0.tgz"
  integrity sha512-r/H9MzAWtrv8aSVjPCMFpDMl5q66GqtmmRkRjpHTsp4zBAa+snZyiQNlMONiUmEJcsnaw0wCauJ2GWODr/aFkg==

real-require@^0.2.0:
  version "0.2.0"

require-directory@^2.1.1:
  version "2.1.1"

require-main-filename@^2.0.0:
  version "2.0.0"

safe-buffer@^5.0.1, safe-buffer@~5.2.0, safe-buffer@5.2.1:
  version "5.2.1"

safe-stable-stringify@^2.1.0, safe-stable-stringify@^2.3.1:
  version "2.4.3"

"safer-buffer@>= 2.1.2 < 3":
  version "2.1.2"

secure-json-parse@^2.4.0:
  version "2.7.0"

semver@^7.3.5, semver@^7.3.7, semver@^7.5.3:
  version "7.5.4"
  dependencies:
    lru-cache "^6.0.0"

send@0.18.0:
  version "0.18.0"
  dependencies:
    debug "2.6.9"
    depd "2.0.0"
    destroy "1.2.0"
    encodeurl "~1.0.2"
    escape-html "~1.0.3"
    etag "~1.8.1"
    fresh "0.5.2"
    http-errors "2.0.0"
    mime "1.6.0"
    ms "2.1.3"
    on-finished "2.4.1"
    range-parser "~1.2.1"
    statuses "2.0.1"

serve-static@1.15.0:
  version "1.15.0"
  dependencies:
    encodeurl "~1.0.2"
    escape-html "~1.0.3"
    parseurl "~1.3.3"
    send "0.18.0"

set-blocking@^2.0.0:
  version "2.0.0"

set-function-length@^1.1.0:
  version "1.1.1"
  dependencies:
    define-data-property "^1.1.1"
    get-intrinsic "^1.2.1"
    gopd "^1.0.1"
    has-property-descriptors "^1.0.0"

setprototypeof@1.2.0:
  version "1.2.0"

sharp@^0.30.7:
  version "0.30.7"
  dependencies:
    color "^4.2.3"
    detect-libc "^2.0.1"
    node-addon-api "^5.0.0"
    prebuild-install "^7.1.1"
    semver "^7.3.7"
    simple-get "^4.0.1"
    tar-fs "^2.1.1"
    tunnel-agent "^0.6.0"

side-channel@^1.0.4:
  version "1.0.4"
  dependencies:
    call-bind "^1.0.0"
    get-intrinsic "^1.0.2"
    object-inspect "^1.9.0"

simple-concat@^1.0.0:
  version "1.0.1"

simple-get@^4.0.0, simple-get@^4.0.1:
  version "4.0.1"
  dependencies:
    decompress-response "^6.0.0"
    once "^1.3.1"
    simple-concat "^1.0.0"

simple-swizzle@^0.2.2:
  version "0.2.2"
  dependencies:
    is-arrayish "^0.3.1"

simple-update-notifier@^2.0.0:
  version "2.0.0"
  resolved "https://registry.npmjs.org/simple-update-notifier/-/simple-update-notifier-2.0.0.tgz"
  integrity sha512-a2B9Y0KlNXl9u/vsW6sTIu9vGEpfKu2wRV6l1H3XEas/0gUIzGzBoP/IouTcUQbm9JWZLH3COxyn03TYlFax6w==
  dependencies:
    semver "^7.5.3"

simple-yenc@^1.0.4:
  version "1.0.4"
  resolved "https://registry.npmjs.org/simple-yenc/-/simple-yenc-1.0.4.tgz"
  integrity sha512-5gvxpSd79e9a3V4QDYUqnqxeD4HGlhCakVpb6gMnDD7lexJggSBJRBO5h52y/iJrdXRilX9UCuDaIJhSWm5OWw==

socket.io-adapter@~2.5.2:
  version "2.5.2"
  dependencies:
    ws "~8.11.0"

socket.io-parser@~4.2.4:
  version "4.2.4"
  dependencies:
    "@socket.io/component-emitter" "~3.1.0"
    debug "~4.3.1"

socket.io@^4.5.1:
  version "4.7.2"
  dependencies:
    accepts "~1.3.4"
    base64id "~2.0.0"
    cors "~2.8.5"
    debug "~4.3.2"
    engine.io "~6.5.2"
    socket.io-adapter "~2.5.2"
    socket.io-parser "~4.2.4"

sonic-boom@^2.2.1:
  version "2.8.0"
  resolved "https://registry.npmjs.org/sonic-boom/-/sonic-boom-2.8.0.tgz"
  integrity sha512-kuonw1YOYYNOve5iHdSahXPOK49GqwA+LZhI6Wz/l0rP57iKyXXIHaRagOBHAPmGwJC6od2Z9zgvZ5loSgMlVg==
  dependencies:
    atomic-sleep "^1.0.0"

sonic-boom@^3.0.0, sonic-boom@^3.7.0:
  version "3.7.0"
  dependencies:
    atomic-sleep "^1.0.0"

split2@^4.0.0:
  version "4.2.0"

stack-trace@0.0.x:
  version "0.0.10"

statuses@2.0.1:
  version "2.0.1"

stream-shift@^1.0.2:
  version "1.0.3"
  resolved "https://registry.npmjs.org/stream-shift/-/stream-shift-1.0.3.tgz"
  integrity sha512-76ORR0DO1o1hlKwTbi/DM3EXWGf3ZJYO8cXX5RJwnul2DEg2oyoZyjLNoQM8WsvZiFKCRfC1O0J7iCvie3RZmQ==

string_decoder@^1.1.1, string_decoder@^1.3.0:
  version "1.3.0"
  dependencies:
    safe-buffer "~5.2.0"

string-width@^4.1.0, string-width@^4.2.0:
  version "4.2.3"
  dependencies:
    emoji-regex "^8.0.0"
    is-fullwidth-code-point "^3.0.0"
    strip-ansi "^6.0.1"

strip-ansi@^6.0.0, strip-ansi@^6.0.1:
  version "6.0.1"
  dependencies:
    ansi-regex "^5.0.1"

strip-json-comments@^3.1.1:
  version "3.1.1"

strip-json-comments@~2.0.1:
  version "2.0.1"

strtok3@^6.2.4, strtok3@^6.3.0:
  version "6.3.0"
  resolved "https://registry.npmjs.org/strtok3/-/strtok3-6.3.0.tgz"
  integrity sha512-fZtbhtvI9I48xDSywd/somNqgUHl2L2cstmXCCif0itOf96jeW18MBSyrLuNicYQVkvpOxkZtkzujiTJ9LW5Jw==
  dependencies:
    "@tokenizer/token" "^0.3.0"
    peek-readable "^4.1.0"

strtok3@^7.0.0:
  version "7.0.0"
  dependencies:
    "@tokenizer/token" "^0.3.0"
    peek-readable "^5.0.0"

supports-color@^5.5.0:
  version "5.5.0"
  resolved "https://registry.npmjs.org/supports-color/-/supports-color-5.5.0.tgz"
  integrity sha512-QjVjwdXIt408MIiAqCX4oUKsgU2EqAGzs2Ppkm4aQYbjm+ZEWEcW4SfFNTr4uMNZma0ey4f5lgLrkB0aX0QMow==
  dependencies:
    has-flag "^3.0.0"

tar-fs@^2.0.0, tar-fs@^2.1.1:
  version "2.1.1"
  dependencies:
    chownr "^1.1.1"
    mkdirp-classic "^0.5.2"
    pump "^3.0.0"
    tar-stream "^2.1.4"

tar-stream@^2.1.4:
  version "2.2.0"
  dependencies:
    bl "^4.0.3"
    end-of-stream "^1.4.1"
    fs-constants "^1.0.0"
    inherits "^2.0.3"
    readable-stream "^3.1.1"

text-hex@1.0.x:
  version "1.0.0"

thread-stream@^0.15.1:
  version "0.15.2"
  resolved "https://registry.npmjs.org/thread-stream/-/thread-stream-0.15.2.tgz"
  integrity sha512-UkEhKIg2pD+fjkHQKyJO3yoIvAP3N6RlNFt2dUhcS1FGvCD1cQa1M/PGknCLFIyZdtJOWQjejp7bdNqmN7zwdA==
  dependencies:
    real-require "^0.1.0"

thread-stream@^2.0.0:
  version "2.4.1"
  dependencies:
    real-require "^0.2.0"

to-regex-range@^5.0.1:
  version "5.0.1"
  resolved "https://registry.npmjs.org/to-regex-range/-/to-regex-range-5.0.1.tgz"
  integrity sha512-65P7iz6X5yEr1cwcgvQxbbIw7Uk3gOy5dIdtZ4rDveLqhrdJP+Li/Hx6tyK0NEb+2GCyneCMJiGqrADCSNk8sQ==
  dependencies:
    is-number "^7.0.0"

toidentifier@1.0.1:
  version "1.0.1"

token-types@^4.1.1, token-types@^4.2.1:
  version "4.2.1"
  resolved "https://registry.npmjs.org/token-types/-/token-types-4.2.1.tgz"
  integrity sha512-6udB24Q737UD/SDsKAHI9FCRP7Bqc9D/MQUV02ORQg5iskjtLJlZJNdN4kKtcdtwCeWIwIHDGaUsTsCCAa8sFQ==
  dependencies:
    "@tokenizer/token" "^0.3.0"
    ieee754 "^1.2.1"

token-types@^5.0.1:
  version "5.0.1"
  dependencies:
    "@tokenizer/token" "^0.3.0"
    ieee754 "^1.2.1"

touch@^3.1.0:
  version "3.1.1"
  resolved "https://registry.npmjs.org/touch/-/touch-3.1.1.tgz"
  integrity sha512-r0eojU4bI8MnHr8c5bNo7lJDdI2qXlWWJk6a9EAFG7vbhTjElYhBVS3/miuE0uOuoLdb8Mc/rVfsmm6eo5o9GA==

tr46@~0.0.3:
  version "0.0.3"

triple-beam@^1.3.0:
  version "1.4.1"

tslib@^2.4.0:
  version "2.6.2"

tunnel-agent@^0.6.0:
  version "0.6.0"
  dependencies:
    safe-buffer "^5.0.1"

type-is@~1.6.18:
  version "1.6.18"
  dependencies:
    media-typer "0.3.0"
    mime-types "~2.1.24"

undefsafe@^2.0.5:
  version "2.0.5"
  resolved "https://registry.npmjs.org/undefsafe/-/undefsafe-2.0.5.tgz"
  integrity sha512-WxONCrssBM8TSPRqN5EmsjVrsv4A8X12J4ArBiiayv3DyyG3ZlIg6yysuuSYdZsVz3TKcTg2fd//Ujd4CHV1iA==

undici-types@~5.25.1:
  version "5.25.3"

unpipe@~1.0.0, unpipe@1.0.0:
  version "1.0.0"

url@0.11.0:
  version "0.11.0"
  dependencies:
    punycode "1.3.2"
    querystring "0.2.0"

util-deprecate@^1.0.1:
  version "1.0.2"

utils-merge@1.0.1:
  version "1.0.1"

uuid@^10.0.0:
  version "10.0.0"
  resolved "https://registry.npmjs.org/uuid/-/uuid-10.0.0.tgz"
  integrity sha512-8XkAphELsDnEGrDxUOHB3RGvXz6TeuYSGEZBOjtTtPm2lwhGBjLgOzLHB63IUWfBpNucQjND6d3AOudO+H3RWQ==

uuid@^8.3.2, uuid@8.3.2:
  version "8.3.2"

vary@^1, vary@~1.1.2:
  version "1.1.2"

webidl-conversions@^3.0.0:
  version "3.0.1"

whatwg-url@^5.0.0:
  version "5.0.0"
  dependencies:
    tr46 "~0.0.3"
    webidl-conversions "^3.0.0"

which-module@^2.0.0:
  version "2.0.1"

winston-daily-rotate-file@^4.7.1:
  version "4.7.1"
  dependencies:
    file-stream-rotator "^0.6.1"
    object-hash "^2.0.1"
    triple-beam "^1.3.0"
    winston-transport "^4.4.0"

winston-transport@^4.4.0, winston-transport@^4.5.0:
  version "4.6.0"
  dependencies:
    logform "^2.3.2"
    readable-stream "^3.6.0"
    triple-beam "^1.3.0"

winston@^3.8.1:
  version "3.11.0"
  dependencies:
    "@colors/colors" "^1.6.0"
    "@dabh/diagnostics" "^2.0.2"
    async "^3.2.3"
    is-stream "^2.0.0"
    logform "^2.4.0"
    one-time "^1.0.0"
    readable-stream "^3.4.0"
    safe-stable-stringify "^2.3.1"
    stack-trace "0.0.x"
    triple-beam "^1.3.0"
    winston-transport "^4.5.0"

wrap-ansi@^6.2.0:
  version "6.2.0"
  dependencies:
    ansi-styles "^4.0.0"
    string-width "^4.1.0"
    strip-ansi "^6.0.0"

wrappy@1:
  version "1.0.2"

ws@^8.13.0, ws@^8.8.1:
  version "8.14.2"

ws@~8.11.0:
  version "8.11.0"

y18n@^4.0.0:
  version "4.0.3"

yallist@^4.0.0:
  version "4.0.0"

yargs-parser@^18.1.2:
  version "18.1.3"
  dependencies:
    camelcase "^5.0.0"
    decamelize "^1.2.0"

yargs@^15.3.1:
  version "15.4.1"
  dependencies:
    cliui "^6.0.0"
    decamelize "^1.2.0"
    find-up "^4.1.0"
    get-caller-file "^2.0.1"
    require-directory "^2.1.1"
    require-main-filename "^2.0.0"
    set-blocking "^2.0.0"
    string-width "^4.2.0"
    which-module "^2.0.0"
    y18n "^4.0.0"
    yargs-parser "^18.1.2"
